// !$*UTF8*$!
{
	archiveVersion = 1;
	classes = {
	};
	objectVersion = 56;
	objects = {

/* Begin PBXBuildFile section */
		3A2D1D8C2B83F973001D51D6 /* CoinData.swift in Sources */ = {isa = PBXBuildFile; fileRef = 3A2D1D8B2B83F973001D51D6 /* CoinData.swift */; };
		3A449B942B837D2E003FF86A /* CoinManager.swift in Sources */ = {isa = PBXBuildFile; fileRef = 3A449B932B837D2E003FF86A /* CoinManager.swift */; };
		3A5ED6222B8250CE00A857ED /* AppDelegate.swift in Sources */ = {isa = PBXBuildFile; fileRef = 3A5ED6212B8250CE00A857ED /* AppDelegate.swift */; };
		3A5ED6242B8250CE00A857ED /* SceneDelegate.swift in Sources */ = {isa = PBXBuildFile; fileRef = 3A5ED6232B8250CE00A857ED /* SceneDelegate.swift */; };
		3A5ED6262B8250CE00A857ED /* ViewController.swift in Sources */ = {isa = PBXBuildFile; fileRef = 3A5ED6252B8250CE00A857ED /* ViewController.swift */; };
		3A5ED6292B8250CE00A857ED /* Main.storyboard in Resources */ = {isa = PBXBuildFile; fileRef = 3A5ED6272B8250CE00A857ED /* Main.storyboard */; };
		3A5ED62B2B8250CF00A857ED /* Assets.xcassets in Resources */ = {isa = PBXBuildFile; fileRef = 3A5ED62A2B8250CF00A857ED /* Assets.xcassets */; };
		3A5ED62E2B8250CF00A857ED /* LaunchScreen.storyboard in Resources */ = {isa = PBXBuildFile; fileRef = 3A5ED62C2B8250CF00A857ED /* LaunchScreen.storyboard */; };
/* End PBXBuildFile section */

/* Begin PBXFileReference section */
		3A2D1D8B2B83F973001D51D6 /* CoinData.swift */ = {isa = PBXFileReference; lastKnownFileType = sourcecode.swift; path = CoinData.swift; sourceTree = "<group>"; };
		3A449B932B837D2E003FF86A /* CoinManager.swift */ = {isa = PBXFileReference; lastKnownFileType = sourcecode.swift; path = CoinManager.swift; sourceTree = "<group>"; };
		3A5ED61E2B8250CE00A857ED /* Coin-Box.app */ = {isa = PBXFileReference; explicitFileType = wrapper.application; includeInIndex = 0; path = "Coin-Box.app"; sourceTree = BUILT_PRODUCTS_DIR; };
		3A5ED6212B8250CE00A857ED /* AppDelegate.swift */ = {isa = PBXFileReference; lastKnownFileType = sourcecode.swift; path = AppDelegate.swift; sourceTree = "<group>"; };
		3A5ED6232B8250CE00A857ED /* SceneDelegate.swift */ = {isa = PBXFileReference; lastKnownFileType = sourcecode.swift; path = SceneDelegate.swift; sourceTree = "<group>"; };
		3A5ED6252B8250CE00A857ED /* ViewController.swift */ = {isa = PBXFileReference; lastKnownFileType = sourcecode.swift; path = ViewController.swift; sourceTree = "<group>"; };
		3A5ED6282B8250CE00A857ED /* Base */ = {isa = PBXFileReference; lastKnownFileType = file.storyboard; name = Base; path = Base.lproj/Main.storyboard; sourceTree = "<group>"; };
		3A5ED62A2B8250CF00A857ED /* Assets.xcassets */ = {isa = PBXFileReference; lastKnownFileType = folder.assetcatalog; path = Assets.xcassets; sourceTree = "<group>"; };
		3A5ED62D2B8250CF00A857ED /* Base */ = {isa = PBXFileReference; lastKnownFileType = file.storyboard; name = Base; path = Base.lproj/LaunchScreen.storyboard; sourceTree = "<group>"; };
		3A5ED62F2B8250CF00A857ED /* Info.plist */ = {isa = PBXFileReference; lastKnownFileType = text.plist.xml; path = Info.plist; sourceTree = "<group>"; };
/* End PBXFileReference section */

/* Begin PBXFrameworksBuildPhase section */
		3A5ED61B2B8250CE00A857ED /* Frameworks */ = {
			isa = PBXFrameworksBuildPhase;
			buildActionMask = 2147483647;
			files = (
			);
			runOnlyForDeploymentPostprocessing = 0;
		};
/* End PBXFrameworksBuildPhase section */

/* Begin PBXGroup section */
		3A449B912B837A91003FF86A /* Contoroller */ = {
			isa = PBXGroup;
			children = (
				3A5ED6252B8250CE00A857ED /* ViewController.swift */,
			);
			path = Contoroller;
			sourceTree = "<group>";
		};
		3A449B922B837BF4003FF86A /* View */ = {
			isa = PBXGroup;
			children = (
				3A5ED6272B8250CE00A857ED /* Main.storyboard */,
			);
			path = View;
			sourceTree = "<group>";
		};
		3A449B952B837D36003FF86A /* Model */ = {
			isa = PBXGroup;
			children = (
				3A449B932B837D2E003FF86A /* CoinManager.swift */,
				3A2D1D8B2B83F973001D51D6 /* CoinData.swift */,
			);
			path = Model;
			sourceTree = "<group>";
		};
		3A5ED6152B8250CE00A857ED = {
			isa = PBXGroup;
			children = (
				3A5ED6202B8250CE00A857ED /* Coin-Box */,
				3A5ED61F2B8250CE00A857ED /* Products */,
			);
			sourceTree = "<group>";
		};
		3A5ED61F2B8250CE00A857ED /* Products */ = {
			isa = PBXGroup;
			children = (
				3A5ED61E2B8250CE00A857ED /* Coin-Box.app */,
			);
			name = Products;
			sourceTree = "<group>";
		};
		3A5ED6202B8250CE00A857ED /* Coin-Box */ = {
			isa = PBXGroup;
			children = (
				3A5ED6212B8250CE00A857ED /* AppDelegate.swift */,
				3A5ED6232B8250CE00A857ED /* SceneDelegate.swift */,
				3A449B952B837D36003FF86A /* Model */,
				3A449B922B837BF4003FF86A /* View */,
				3A449B912B837A91003FF86A /* Contoroller */,
				3A5ED62A2B8250CF00A857ED /* Assets.xcassets */,
				3A5ED62C2B8250CF00A857ED /* LaunchScreen.storyboard */,
				3A5ED62F2B8250CF00A857ED /* Info.plist */,
			);
			path = "Coin-Box";
			sourceTree = "<group>";
		};
/* End PBXGroup section */

/* Begin PBXNativeTarget section */
		3A5ED61D2B8250CE00A857ED /* Coin-Box */ = {
			isa = PBXNativeTarget;
			buildConfigurationList = 3A5ED6322B8250CF00A857ED /* Build configuration list for PBXNativeTarget "Coin-Box" */;
			buildPhases = (
				3A5ED61A2B8250CE00A857ED /* Sources */,
				3A5ED61B2B8250CE00A857ED /* Frameworks */,
				3A5ED61C2B8250CE00A857ED /* Resources */,
			);
			buildRules = (
			);
			dependencies = (
			);
			name = "Coin-Box";
			productName = "Coin-Box";
			productReference = 3A5ED61E2B8250CE00A857ED /* Coin-Box.app */;
			productType = "com.apple.product-type.application";
		};
/* End PBXNativeTarget section */

/* Begin PBXProject section */
		3A5ED6162B8250CE00A857ED /* Project object */ = {
			isa = PBXProject;
			attributes = {
				BuildIndependentTargetsInParallel = 1;
				LastSwiftUpdateCheck = 1520;
				LastUpgradeCheck = 1520;
				TargetAttributes = {
					3A5ED61D2B8250CE00A857ED = {
						CreatedOnToolsVersion = 15.2;
					};
				};
			};
			buildConfigurationList = 3A5ED6192B8250CE00A857ED /* Build configuration list for PBXProject "Coin-Box" */;
			compatibilityVersion = "Xcode 14.0";
			developmentRegion = en;
			hasScannedForEncodings = 0;
			knownRegions = (
				en,
				Base,
			);
			mainGroup = 3A5ED6152B8250CE00A857ED;
			productRefGroup = 3A5ED61F2B8250CE00A857ED /* Products */;
			projectDirPath = "";
			projectRoot = "";
			targets = (
				3A5ED61D2B8250CE00A857ED /* Coin-Box */,
			);
		};
/* End PBXProject section */

/* Begin PBXResourcesBuildPhase section */
		3A5ED61C2B8250CE00A857ED /* Resources */ = {
			isa = PBXResourcesBuildPhase;
			buildActionMask = 2147483647;
			files = (
				3A5ED62E2B8250CF00A857ED /* LaunchScreen.storyboard in Resources */,
				3A5ED62B2B8250CF00A857ED /* Assets.xcassets in Resources */,
				3A5ED6292B8250CE00A857ED /* Main.storyboard in Resources */,
			);
			runOnlyForDeploymentPostprocessing = 0;
		};
/* End PBXResourcesBuildPhase section */

/* Begin PBXSourcesBuildPhase section */
		3A5ED61A2B8250CE00A857ED /* Sources */ = {
			isa = PBXSourcesBuildPhase;
			buildActionMask = 2147483647;
			files = (
				3A449B942B837D2E003FF86A /* CoinManager.swift in Sources */,
				3A5ED6262B8250CE00A857ED /* ViewController.swift in Sources */,
				3A2D1D8C2B83F973001D51D6 /* CoinData.swift in Sources */,
				3A5ED6222B8250CE00A857ED /* AppDelegate.swift in Sources */,
				3A5ED6242B8250CE00A857ED /* SceneDelegate.swift in Sources */,
			);
			runOnlyForDeploymentPostprocessing = 0;
		};
/* End PBXSourcesBuildPhase section */

/* Begin PBXVariantGroup section */
		3A5ED6272B8250CE00A857ED /* Main.storyboard */ = {
			isa = PBXVariantGroup;
			children = (
				3A5ED6282B8250CE00A857ED /* Base */,
			);
			name = Main.storyboard;
			sourceTree = "<group>";
		};
		3A5ED62C2B8250CF00A857ED /* LaunchScreen.storyboard */ = {
			isa = PBXVariantGroup;
			children = (
				3A5ED62D2B8250CF00A857ED /* Base */,
			);
			name = LaunchScreen.storyboard;
			sourceTree = "<group>";
		};
/* End PBXVariantGroup section */

/* Begin XCBuildConfiguration section */
		3A5ED6302B8250CF00A857ED /* Debug */ = {
			isa = XCBuildConfiguration;
			buildSettings = {
				ALWAYS_SEARCH_USER_PATHS = NO;
				ASSETCATALOG_COMPILER_GENERATE_SWIFT_ASSET_SYMBOL_EXTENSIONS = YES;
				CLANG_ANALYZER_NONNULL = YES;
				CLANG_ANALYZER_NUMBER_OBJECT_CONVERSION = YES_AGGRESSIVE;
				CLANG_CXX_LANGUAGE_STANDARD = "gnu++20";
				CLANG_ENABLE_MODULES = YES;
				CLANG_ENABLE_OBJC_ARC = YES;
				CLANG_ENABLE_OBJC_WEAK = YES;
				CLANG_WARN_BLOCK_CAPTURE_AUTORELEASING = YES;
				CLANG_WARN_BOOL_CONVERSION = YES;
				CLANG_WARN_COMMA = YES;
				CLANG_WARN_CONSTANT_CONVERSION = YES;
				CLANG_WARN_DEPRECATED_OBJC_IMPLEMENTATIONS = YES;
				CLANG_WARN_DIRECT_OBJC_ISA_USAGE = YES_ERROR;
				CLANG_WARN_DOCUMENTATION_COMMENTS = YES;
				CLANG_WARN_EMPTY_BODY = YES;
				CLANG_WARN_ENUM_CONVERSION = YES;
				CLANG_WARN_INFINITE_RECURSION = YES;
				CLANG_WARN_INT_CONVERSION = YES;
				CLANG_WARN_NON_LITERAL_NULL_CONVERSION = YES;
				CLANG_WARN_OBJC_IMPLICIT_RETAIN_SELF = YES;
				CLANG_WARN_OBJC_LITERAL_CONVERSION = YES;
				CLANG_WARN_OBJC_ROOT_CLASS = YES_ERROR;
				CLANG_WARN_QUOTED_INCLUDE_IN_FRAMEWORK_HEADER = YES;
				CLANG_WARN_RANGE_LOOP_ANALYSIS = YES;
				CLANG_WARN_STRICT_PROTOTYPES = YES;
				CLANG_WARN_SUSPICIOUS_MOVE = YES;
				CLANG_WARN_UNGUARDED_AVAILABILITY = YES_AGGRESSIVE;
				CLANG_WARN_UNREACHABLE_CODE = YES;
				CLANG_WARN__DUPLICATE_METHOD_MATCH = YES;
				COPY_PHASE_STRIP = NO;
				DEBUG_INFORMATION_FORMAT = dwarf;
				ENABLE_STRICT_OBJC_MSGSEND = YES;
				ENABLE_TESTABILITY = YES;
				ENABLE_USER_SCRIPT_SANDBOXING = YES;
				GCC_C_LANGUAGE_STANDARD = gnu17;
				GCC_DYNAMIC_NO_PIC = NO;
				GCC_NO_COMMON_BLOCKS = YES;
				GCC_OPTIMIZATION_LEVEL = 0;
				GCC_PREPROCESSOR_DEFINITIONS = (
					"DEBUG=1",
					"$(inherited)",
				);
				GCC_WARN_64_TO_32_BIT_CONVERSION = YES;
				GCC_WARN_ABOUT_RETURN_TYPE = YES_ERROR;
				GCC_WARN_UNDECLARED_SELECTOR = YES;
				GCC_WARN_UNINITIALIZED_AUTOS = YES_AGGRESSIVE;
				GCC_WARN_UNUSED_FUNCTION = YES;
				GCC_WARN_UNUSED_VARIABLE = YES;
				IPHONEOS_DEPLOYMENT_TARGET = 17.2;
				LOCALIZATION_PREFERS_STRING_CATALOGS = YES;
				MTL_ENABLE_DEBUG_INFO = INCLUDE_SOURCE;
				MTL_FAST_MATH = YES;
				ONLY_ACTIVE_ARCH = YES;
				SDKROOT = iphoneos;
				SWIFT_ACTIVE_COMPILATION_CONDITIONS = "DEBUG $(inherited)";
				SWIFT_OPTIMIZATION_LEVEL = "-Onone";
			};
			name = Debug;
		};
		3A5ED6312B8250CF00A857ED /* Release */ = {
			isa = XCBuildConfiguration;
			buildSettings = {
				ALWAYS_SEARCH_USER_PATHS = NO;
				ASSETCATALOG_COMPILER_GENERATE_SWIFT_ASSET_SYMBOL_EXTENSIONS = YES;
				CLANG_ANALYZER_NONNULL = YES;
				CLANG_ANALYZER_NUMBER_OBJECT_CONVERSION = YES_AGGRESSIVE;
				CLANG_CXX_LANGUAGE_STANDARD = "gnu++20";
				CLANG_ENABLE_MODULES = YES;
				CLANG_ENABLE_OBJC_ARC = YES;
				CLANG_ENABLE_OBJC_WEAK = YES;
				CLANG_WARN_BLOCK_CAPTURE_AUTORELEASING = YES;
				CLANG_WARN_BOOL_CONVERSION = YES;
				CLANG_WARN_COMMA = YES;
				CLANG_WARN_CONSTANT_CONVERSION = YES;
				CLANG_WARN_DEPRECATED_OBJC_IMPLEMENTATIONS = YES;
				CLANG_WARN_DIRECT_OBJC_ISA_USAGE = YES_ERROR;
				CLANG_WARN_DOCUMENTATION_COMMENTS = YES;
				CLANG_WARN_EMPTY_BODY = YES;
				CLANG_WARN_ENUM_CONVERSION = YES;
				CLANG_WARN_INFINITE_RECURSION = YES;
				CLANG_WARN_INT_CONVERSION = YES;
				CLANG_WARN_NON_LITERAL_NULL_CONVERSION = YES;
				CLANG_WARN_OBJC_IMPLICIT_RETAIN_SELF = YES;
				CLANG_WARN_OBJC_LITERAL_CONVERSION = YES;
				CLANG_WARN_OBJC_ROOT_CLASS = YES_ERROR;
				CLANG_WARN_QUOTED_INCLUDE_IN_FRAMEWORK_HEADER = YES;
				CLANG_WARN_RANGE_LOOP_ANALYSIS = YES;
				CLANG_WARN_STRICT_PROTOTYPES = YES;
				CLANG_WARN_SUSPICIOUS_MOVE = YES;
				CLANG_WARN_UNGUARDED_AVAILABILITY = YES_AGGRESSIVE;
				CLANG_WARN_UNREACHABLE_CODE = YES;
				CLANG_WARN__DUPLICATE_METHOD_MATCH = YES;
				COPY_PHASE_STRIP = NO;
				DEBUG_INFORMATION_FORMAT = "dwarf-with-dsym";
				ENABLE_NS_ASSERTIONS = NO;
				ENABLE_STRICT_OBJC_MSGSEND = YES;
				ENABLE_USER_SCRIPT_SANDBOXING = YES;
				GCC_C_LANGUAGE_STANDARD = gnu17;
				GCC_NO_COMMON_BLOCKS = YES;
				GCC_WARN_64_TO_32_BIT_CONVERSION = YES;
				GCC_WARN_ABOUT_RETURN_TYPE = YES_ERROR;
				GCC_WARN_UNDECLARED_SELECTOR = YES;
				GCC_WARN_UNINITIALIZED_AUTOS = YES_AGGRESSIVE;
				GCC_WARN_UNUSED_FUNCTION = YES;
				GCC_WARN_UNUSED_VARIABLE = YES;
				IPHONEOS_DEPLOYMENT_TARGET = 17.2;
				LOCALIZATION_PREFERS_STRING_CATALOGS = YES;
				MTL_ENABLE_DEBUG_INFO = NO;
				MTL_FAST_MATH = YES;
				SDKROOT = iphoneos;
				SWIFT_COMPILATION_MODE = wholemodule;
				VALIDATE_PRODUCT = YES;
			};
			name = Release;
		};
		3A5ED6332B8250CF00A857ED /* Debug */ = {
			isa = XCBuildConfiguration;
			buildSettings = {
				ASSETCATALOG_COMPILER_APPICON_NAME = AppIcon;
				ASSETCATALOG_COMPILER_GLOBAL_ACCENT_COLOR_NAME = AccentColor;
				CODE_SIGN_STYLE = Automatic;
				CURRENT_PROJECT_VERSION = 1;
				DEVELOPMENT_TEAM = GQ9UW5MLC8;
				GENERATE_INFOPLIST_FILE = YES;
				INFOPLIST_FILE = "Coin-Box/Info.plist";
				INFOPLIST_KEY_UIApplicationSupportsIndirectInputEvents = YES;
				INFOPLIST_KEY_UILaunchStoryboardName = LaunchScreen;
				INFOPLIST_KEY_UIMainStoryboardFile = Main;
				INFOPLIST_KEY_UISupportedInterfaceOrientations_iPad = "UIInterfaceOrientationPortrait UIInterfaceOrientationPortraitUpsideDown UIInterfaceOrientationLandscapeLeft UIInterfaceOrientationLandscapeRight";
				INFOPLIST_KEY_UISupportedInterfaceOrientations_iPhone = "UIInterfaceOrientationPortrait UIInterfaceOrientationLandscapeLeft UIInterfaceOrientationLandscapeRight";
				LD_RUNPATH_SEARCH_PATHS = (
					"$(inherited)",
					"@executable_path/Frameworks",
				);
				MARKETING_VERSION = 1.0;
				PRODUCT_BUNDLE_IDENTIFIER = "com.ejderdag.Coin-Box";
				PRODUCT_NAME = "$(TARGET_NAME)";
				SWIFT_EMIT_LOC_STRINGS = YES;
				SWIFT_VERSION = 5.0;
				TARGETED_DEVICE_FAMILY = "1,2";
			};
			name = Debug;
		};
		3A5ED6342B8250CF00A857ED /* Release */ = {
			isa = XCBuildConfiguration;
			buildSettings = {
				ASSETCATALOG_COMPILER_APPICON_NAME = AppIcon;
				ASSETCATALOG_COMPILER_GLOBAL_ACCENT_COLOR_NAME = AccentColor;
				CODE_SIGN_STYLE = Automatic;
				CURRENT_PROJECT_VERSION = 1;
				DEVELOPMENT_TEAM = GQ9UW5MLC8;
				GENERATE_INFOPLIST_FILE = YES;
				INFOPLIST_FILE = "Coin-Box/Info.plist";
				INFOPLIST_KEY_UIApplicationSupportsIndirectInputEvents = YES;
				INFOPLIST_KEY_UILaunchStoryboardName = LaunchScreen;
				INFOPLIST_KEY_UIMainStoryboardFile = Main;
				INFOPLIST_KEY_UISupportedInterfaceOrientations_iPad = "UIInterfaceOrientationPortrait UIInterfaceOrientationPortraitUpsideDown UIInterfaceOrientationLandscapeLeft UIInterfaceOrientationLandscapeRight";
				INFOPLIST_KEY_UISupportedInterfaceOrientations_iPhone = "UIInterfaceOrientationPortrait UIInterfaceOrientationLandscapeLeft UIInterfaceOrientationLandscapeRight";
				LD_RUNPATH_SEARCH_PATHS = (
					"$(inherited)",
					"@executable_path/Frameworks",
				);
				MARKETING_VERSION = 1.0;
				PRODUCT_BUNDLE_IDENTIFIER = "com.ejderdag.Coin-Box";
				PRODUCT_NAME = "$(TARGET_NAME)";
				SWIFT_EMIT_LOC_STRINGS = YES;
				SWIFT_VERSION = 5.0;
				TARGETED_DEVICE_FAMILY = "1,2";
			};
			name = Release;
		};
/* End XCBuildConfiguration section */

/* Begin XCConfigurationList section */
		3A5ED6192B8250CE00A857ED /* Build configuration list for PBXProject "Coin-Box" */ = {
			isa = XCConfigurationList;
			buildConfigurations = (
				3A5ED6302B8250CF00A857ED /* Debug */,
				3A5ED6312B8250CF00A857ED /* Release */,
			);
			defaultConfigurationIsVisible = 0;
			defaultConfigurationName = Release;
		};
		3A5ED6322B8250CF00A857ED /* Build configuration list for PBXNativeTarget "Coin-Box" */ = {
			isa = XCConfigurationList;
			buildConfigurations = (
				3A5ED6332B8250CF00A857ED /* Debug */,
				3A5ED6342B8250CF00A857ED /* Release */,
			);
			defaultConfigurationIsVisible = 0;
			defaultConfigurationName = Release;
		};
/* End XCConfigurationList section */
	};
	rootObject = 3A5ED6162B8250CE00A857ED /* Project object */;
}
